
Microsoft Visual Studio Solution File, Format Version 12.00
# Visual Studio 2012
Project("{FAE04EC0-301F-11D3-BF4B-00C04F79EFBC}") = "calculator", "calculator\calculator.csproj", "{6CD96D31-176B-4FBD-A1AF-DA062D809B5B}"
EndProject
Global
	GlobalSection(SolutionConfigurationPlatforms) = preSolution
		Debug|iPhoneSimulator = Debug|iPhoneSimulator
		Release|iPhone = Release|iPhone
		Release|iPhoneSimulator = Release|iPhoneSimulator
		Debug|iPhone = Debug|iPhone
	EndGlobalSection
	GlobalSection(ProjectConfigurationPlatforms) = postSolution
		{6CD96D31-176B-4FBD-A1AF-DA062D809B5B}.Debug|iPhoneSimulator.ActiveCfg = Debug|iPhoneSimulator
		{6CD96D31-176B-4FBD-A1AF-DA062D809B5B}.Debug|iPhoneSimulator.Build.0 = Debug|iPhoneSimulator
		{6CD96D31-176B-4FBD-A1AF-DA062D809B5B}.Release|iPhone.ActiveCfg = Release|iPhone
		{6CD96D31-176B-4FBD-A1AF-DA062D809B5B}.Release|iPhone.Build.0 = Release|iPhone
		{6CD96D31-176B-4FBD-A1AF-DA062D809B5B}.Release|iPhoneSimulator.ActiveCfg = Release|iPhoneSimulator
		{6CD96D31-176B-4FBD-A1AF-DA062D809B5B}.Release|iPhoneSimulator.Build.0 = Release|iPhoneSimulator
		{6CD96D31-176B-4FBD-A1AF-DA062D809B5B}.Debug|iPhone.ActiveCfg = Debug|iPhone
		{6CD96D31-176B-4FBD-A1AF-DA062D809B5B}.Debug|iPhone.Build.0 = Debug|iPhone
	EndGlobalSection
EndGlobal
